
Microsoft Visual Studio Solution File, Format Version 12.00
# Visual Studio Version 16
VisualStudioVersion = 16.0.30907.101
MinimumVisualStudioVersion = 10.0.40219.1
Project("{FAE04EC0-301F-11D3-BF4B-00C04F79EFBC}") = "Plots", "Plots.csproj", "{4A56F738-54B4-453E-9420-4CEEF05FA571}"
EndProject
Global
	GlobalSection(SolutionConfigurationPlatforms) = preSolution
		Debug|Any CPU = Debug|Any CPU
		Release|Any CPU = Release|Any CPU
	EndGlobalSection
	GlobalSection(ProjectConfigurationPlatforms) = postSolution
		{4A56F738-54B4-453E-9420-4CEEF05FA571}.Debug|Any CPU.ActiveCfg = Debug|Any CPU
		{4A56F738-54B4-453E-9420-4CEEF05FA571}.Debug|Any CPU.Build.0 = Debug|Any CPU
		{4A56F738-54B4-453E-9420-4CEEF05FA571}.Release|Any CPU.ActiveCfg = Release|Any CPU
		{4A56F738-54B4-453E-9420-4CEEF05FA571}.Release|Any CPU.Build.0 = Release|Any CPU
	EndGlobalSection
	GlobalSection(SolutionProperties) = preSolution
		HideSolutionNode = FALSE
	EndGlobalSection
	GlobalSection(ExtensibilityGlobals) = postSolution
		SolutionGuid = {97CFF739-ABFA-42CE-8C7A-FBB3A194966A}
	EndGlobalSection
EndGlobal
